// !$*UTF8*$!
{
	archiveVersion = 1;
	classes = {
	};
	objectVersion = 55;
	objects = {

/* Begin PBXBuildFile section */
		568CA75727BA82A0004F35AE /* AppDelegate.swift in Sources */ = {isa = PBXBuildFile; fileRef = 568CA75627BA82A0004F35AE /* AppDelegate.swift */; };
		568CA75927BA82A0004F35AE /* SceneDelegate.swift in Sources */ = {isa = PBXBuildFile; fileRef = 568CA75827BA82A0004F35AE /* SceneDelegate.swift */; };
		568CA75B27BA82A0004F35AE /* ViewController.swift in Sources */ = {isa = PBXBuildFile; fileRef = 568CA75A27BA82A0004F35AE /* ViewController.swift */; };
		568CA75E27BA82A0004F35AE /* Main.storyboard in Resources */ = {isa = PBXBuildFile; fileRef = 568CA75C27BA82A0004F35AE /* Main.storyboard */; };
		568CA76127BA82A0004F35AE /* Fundamental_tutorial.xcdatamodeld in Sources */ = {isa = PBXBuildFile; fileRef = 568CA75F27BA82A0004F35AE /* Fundamental_tutorial.xcdatamodeld */; };
		568CA76327BA82A0004F35AE /* Assets.xcassets in Resources */ = {isa = PBXBuildFile; fileRef = 568CA76227BA82A0004F35AE /* Assets.xcassets */; };
		568CA76627BA82A0004F35AE /* LaunchScreen.storyboard in Resources */ = {isa = PBXBuildFile; fileRef = 568CA76427BA82A0004F35AE /* LaunchScreen.storyboard */; };
		568CA76F27BA82D7004F35AE /* unsplash.jpeg in Resources */ = {isa = PBXBuildFile; fileRef = 568CA76E27BA82D7004F35AE /* unsplash.jpeg */; };
/* End PBXBuildFile section */

/* Begin PBXFileReference section */
		568CA75327BA82A0004F35AE /* Fundamental_tutorial.app */ = {isa = PBXFileReference; explicitFileType = wrapper.application; includeInIndex = 0; path = Fundamental_tutorial.app; sourceTree = BUILT_PRODUCTS_DIR; };
		568CA75627BA82A0004F35AE /* AppDelegate.swift */ = {isa = PBXFileReference; lastKnownFileType = sourcecode.swift; path = AppDelegate.swift; sourceTree = "<group>"; };
		568CA75827BA82A0004F35AE /* SceneDelegate.swift */ = {isa = PBXFileReference; lastKnownFileType = sourcecode.swift; path = SceneDelegate.swift; sourceTree = "<group>"; };
		568CA75A27BA82A0004F35AE /* ViewController.swift */ = {isa = PBXFileReference; lastKnownFileType = sourcecode.swift; path = ViewController.swift; sourceTree = "<group>"; };
		568CA75D27BA82A0004F35AE /* Base */ = {isa = PBXFileReference; lastKnownFileType = file.storyboard; name = Base; path = Base.lproj/Main.storyboard; sourceTree = "<group>"; };
		568CA76027BA82A0004F35AE /* Fundamental_tutorial.xcdatamodel */ = {isa = PBXFileReference; lastKnownFileType = wrapper.xcdatamodel; path = Fundamental_tutorial.xcdatamodel; sourceTree = "<group>"; };
		568CA76227BA82A0004F35AE /* Assets.xcassets */ = {isa = PBXFileReference; lastKnownFileType = folder.assetcatalog; path = Assets.xcassets; sourceTree = "<group>"; };
		568CA76527BA82A0004F35AE /* Base */ = {isa = PBXFileReference; lastKnownFileType = file.storyboard; name = Base; path = Base.lproj/LaunchScreen.storyboard; sourceTree = "<group>"; };
		568CA76727BA82A0004F35AE /* Info.plist */ = {isa = PBXFileReference; lastKnownFileType = text.plist.xml; path = Info.plist; sourceTree = "<group>"; };
		568CA76E27BA82D7004F35AE /* unsplash.jpeg */ = {isa = PBXFileReference; lastKnownFileType = image.jpeg; path = unsplash.jpeg; sourceTree = "<group>"; };
/* End PBXFileReference section */

/* Begin PBXFrameworksBuildPhase section */
		568CA75027BA82A0004F35AE /* Frameworks */ = {
			isa = PBXFrameworksBuildPhase;
			buildActionMask = 2147483647;
			files = (
			);
			runOnlyForDeploymentPostprocessing = 0;
		};
/* End PBXFrameworksBuildPhase section */

/* Begin PBXGroup section */
		568CA74A27BA82A0004F35AE = {
			isa = PBXGroup;
			children = (
				568CA76D27BA82BD004F35AE /* resources */,
				568CA75527BA82A0004F35AE /* Fundamental_tutorial */,
				568CA75427BA82A0004F35AE /* Products */,
			);
			sourceTree = "<group>";
		};
		568CA75427BA82A0004F35AE /* Products */ = {
			isa = PBXGroup;
			children = (
				568CA75327BA82A0004F35AE /* Fundamental_tutorial.app */,
			);
			name = Products;
			sourceTree = "<group>";
		};
		568CA75527BA82A0004F35AE /* Fundamental_tutorial */ = {
			isa = PBXGroup;
			children = (
				568CA75627BA82A0004F35AE /* AppDelegate.swift */,
				568CA75827BA82A0004F35AE /* SceneDelegate.swift */,
				568CA75A27BA82A0004F35AE /* ViewController.swift */,
				568CA75C27BA82A0004F35AE /* Main.storyboard */,
				568CA76427BA82A0004F35AE /* LaunchScreen.storyboard */,
				568CA76727BA82A0004F35AE /* Info.plist */,
				568CA75F27BA82A0004F35AE /* Fundamental_tutorial.xcdatamodeld */,
			);
			path = Fundamental_tutorial;
			sourceTree = "<group>";
		};
		568CA76D27BA82BD004F35AE /* resources */ = {
			isa = PBXGroup;
			children = (
				568CA76E27BA82D7004F35AE /* unsplash.jpeg */,
				568CA76227BA82A0004F35AE /* Assets.xcassets */,
			);
			path = resources;
			sourceTree = "<group>";
		};
/* End PBXGroup section */

/* Begin PBXNativeTarget section */
		568CA75227BA82A0004F35AE /* Fundamental_tutorial */ = {
			isa = PBXNativeTarget;
			buildConfigurationList = 568CA76A27BA82A0004F35AE /* Build configuration list for PBXNativeTarget "Fundamental_tutorial" */;
			buildPhases = (
				568CA74F27BA82A0004F35AE /* Sources */,
				568CA75027BA82A0004F35AE /* Frameworks */,
				568CA75127BA82A0004F35AE /* Resources */,
			);
			buildRules = (
			);
			dependencies = (
			);
			name = Fundamental_tutorial;
			productName = Fundamental_tutorial;
			productReference = 568CA75327BA82A0004F35AE /* Fundamental_tutorial.app */;
			productType = "com.apple.product-type.application";
		};
/* End PBXNativeTarget section */

/* Begin PBXProject section */
		568CA74B27BA82A0004F35AE /* Project object */ = {
			isa = PBXProject;
			attributes = {
				BuildIndependentTargetsInParallel = 1;
				LastSwiftUpdateCheck = 1320;
				LastUpgradeCheck = 1320;
				TargetAttributes = {
					568CA75227BA82A0004F35AE = {
						CreatedOnToolsVersion = 13.2.1;
					};
				};
			};
			buildConfigurationList = 568CA74E27BA82A0004F35AE /* Build configuration list for PBXProject "Fundamental_tutorial" */;
			compatibilityVersion = "Xcode 13.0";
			developmentRegion = en;
			hasScannedForEncodings = 0;
			knownRegions = (
				en,
				Base,
			);
			mainGroup = 568CA74A27BA82A0004F35AE;
			productRefGroup = 568CA75427BA82A0004F35AE /* Products */;
			projectDirPath = "";
			projectRoot = "";
			targets = (
				568CA75227BA82A0004F35AE /* Fundamental_tutorial */,
			);
		};
/* End PBXProject section */

/* Begin PBXResourcesBuildPhase section */
		568CA75127BA82A0004F35AE /* Resources */ = {
			isa = PBXResourcesBuildPhase;
			buildActionMask = 2147483647;
			files = (
				568CA76627BA82A0004F35AE /* LaunchScreen.storyboard in Resources */,
				568CA76327BA82A0004F35AE /* Assets.xcassets in Resources */,
				568CA75E27BA82A0004F35AE /* Main.storyboard in Resources */,
				568CA76F27BA82D7004F35AE /* unsplash.jpeg in Resources */,
			);
			runOnlyForDeploymentPostprocessing = 0;
		};
/* End PBXResourcesBuildPhase section */

/* Begin PBXSourcesBuildPhase section */
		568CA74F27BA82A0004F35AE /* Sources */ = {
			isa = PBXSourcesBuildPhase;
			buildActionMask = 2147483647;
			files = (
				568CA75B27BA82A0004F35AE /* ViewController.swift in Sources */,
				568CA76127BA82A0004F35AE /* Fundamental_tutorial.xcdatamodeld in Sources */,
				568CA75727BA82A0004F35AE /* AppDelegate.swift in Sources */,
				568CA75927BA82A0004F35AE /* SceneDelegate.swift in Sources */,
			);
			runOnlyForDeploymentPostprocessing = 0;
		};
/* End PBXSourcesBuildPhase section */

/* Begin PBXVariantGroup section */
		568CA75C27BA82A0004F35AE /* Main.storyboard */ = {
			isa = PBXVariantGroup;
			children = (
				568CA75D27BA82A0004F35AE /* Base */,
			);
			name = Main.storyboard;
			sourceTree = "<group>";
		};
		568CA76427BA82A0004F35AE /* LaunchScreen.storyboard */ = {
			isa = PBXVariantGroup;
			children = (
				568CA76527BA82A0004F35AE /* Base */,
			);
			name = LaunchScreen.storyboard;
			sourceTree = "<group>";
		};
/* End PBXVariantGroup section */

/* Begin XCBuildConfiguration section */
		568CA76827BA82A0004F35AE /* Debug */ = {
			isa = XCBuildConfiguration;
			buildSettings = {
				ALWAYS_SEARCH_USER_PATHS = NO;
				CLANG_ANALYZER_NONNULL = YES;
				CLANG_ANALYZER_NUMBER_OBJECT_CONVERSION = YES_AGGRESSIVE;
				CLANG_CXX_LANGUAGE_STANDARD = "gnu++17";
				CLANG_CXX_LIBRARY = "libc++";
				CLANG_ENABLE_MODULES = YES;
				CLANG_ENABLE_OBJC_ARC = YES;
				CLANG_ENABLE_OBJC_WEAK = YES;
				CLANG_WARN_BLOCK_CAPTURE_AUTORELEASING = YES;
				CLANG_WARN_BOOL_CONVERSION = YES;
				CLANG_WARN_COMMA = YES;
				CLANG_WARN_CONSTANT_CONVERSION = YES;
				CLANG_WARN_DEPRECATED_OBJC_IMPLEMENTATIONS = YES;
				CLANG_WARN_DIRECT_OBJC_ISA_USAGE = YES_ERROR;
				CLANG_WARN_DOCUMENTATION_COMMENTS = YES;
				CLANG_WARN_EMPTY_BODY = YES;
				CLANG_WARN_ENUM_CONVERSION = YES;
				CLANG_WARN_INFINITE_RECURSION = YES;
				CLANG_WARN_INT_CONVERSION = YES;
				CLANG_WARN_NON_LITERAL_NULL_CONVERSION = YES;
				CLANG_WARN_OBJC_IMPLICIT_RETAIN_SELF = YES;
				CLANG_WARN_OBJC_LITERAL_CONVERSION = YES;
				CLANG_WARN_OBJC_ROOT_CLASS = YES_ERROR;
				CLANG_WARN_QUOTED_INCLUDE_IN_FRAMEWORK_HEADER = YES;
				CLANG_WARN_RANGE_LOOP_ANALYSIS = YES;
				CLANG_WARN_STRICT_PROTOTYPES = YES;
				CLANG_WARN_SUSPICIOUS_MOVE = YES;
				CLANG_WARN_UNGUARDED_AVAILABILITY = YES_AGGRESSIVE;
				CLANG_WARN_UNREACHABLE_CODE = YES;
				CLANG_WARN__DUPLICATE_METHOD_MATCH = YES;
				COPY_PHASE_STRIP = NO;
				DEBUG_INFORMATION_FORMAT = dwarf;
				ENABLE_STRICT_OBJC_MSGSEND = YES;
				ENABLE_TESTABILITY = YES;
				GCC_C_LANGUAGE_STANDARD = gnu11;
				GCC_DYNAMIC_NO_PIC = NO;
				GCC_NO_COMMON_BLOCKS = YES;
				GCC_OPTIMIZATION_LEVEL = 0;
				GCC_PREPROCESSOR_DEFINITIONS = (
					"DEBUG=1",
					"$(inherited)",
				);
				GCC_WARN_64_TO_32_BIT_CONVERSION = YES;
				GCC_WARN_ABOUT_RETURN_TYPE = YES_ERROR;
				GCC_WARN_UNDECLARED_SELECTOR = YES;
				GCC_WARN_UNINITIALIZED_AUTOS = YES_AGGRESSIVE;
				GCC_WARN_UNUSED_FUNCTION = YES;
				GCC_WARN_UNUSED_VARIABLE = YES;
				IPHONEOS_DEPLOYMENT_TARGET = 15.2;
				MTL_ENABLE_DEBUG_INFO = INCLUDE_SOURCE;
				MTL_FAST_MATH = YES;
				ONLY_ACTIVE_ARCH = YES;
				SDKROOT = iphoneos;
				SWIFT_ACTIVE_COMPILATION_CONDITIONS = DEBUG;
				SWIFT_OPTIMIZATION_LEVEL = "-Onone";
			};
			name = Debug;
		};
		568CA76927BA82A0004F35AE /* Release */ = {
			isa = XCBuildConfiguration;
			buildSettings = {
				ALWAYS_SEARCH_USER_PATHS = NO;
				CLANG_ANALYZER_NONNULL = YES;
				CLANG_ANALYZER_NUMBER_OBJECT_CONVERSION = YES_AGGRESSIVE;
				CLANG_CXX_LANGUAGE_STANDARD = "gnu++17";
				CLANG_CXX_LIBRARY = "libc++";
				CLANG_ENABLE_MODULES = YES;
				CLANG_ENABLE_OBJC_ARC = YES;
				CLANG_ENABLE_OBJC_WEAK = YES;
				CLANG_WARN_BLOCK_CAPTURE_AUTORELEASING = YES;
				CLANG_WARN_BOOL_CONVERSION = YES;
				CLANG_WARN_COMMA = YES;
				CLANG_WARN_CONSTANT_CONVERSION = YES;
				CLANG_WARN_DEPRECATED_OBJC_IMPLEMENTATIONS = YES;
				CLANG_WARN_DIRECT_OBJC_ISA_USAGE = YES_ERROR;
				CLANG_WARN_DOCUMENTATION_COMMENTS = YES;
				CLANG_WARN_EMPTY_BODY = YES;
				CLANG_WARN_ENUM_CONVERSION = YES;
				CLANG_WARN_INFINITE_RECURSION = YES;
				CLANG_WARN_INT_CONVERSION = YES;
				CLANG_WARN_NON_LITERAL_NULL_CONVERSION = YES;
				CLANG_WARN_OBJC_IMPLICIT_RETAIN_SELF = YES;
				CLANG_WARN_OBJC_LITERAL_CONVERSION = YES;
				CLANG_WARN_OBJC_ROOT_CLASS = YES_ERROR;
				CLANG_WARN_QUOTED_INCLUDE_IN_FRAMEWORK_HEADER = YES;
				CLANG_WARN_RANGE_LOOP_ANALYSIS = YES;
				CLANG_WARN_STRICT_PROTOTYPES = YES;
				CLANG_WARN_SUSPICIOUS_MOVE = YES;
				CLANG_WARN_UNGUARDED_AVAILABILITY = YES_AGGRESSIVE;
				CLANG_WARN_UNREACHABLE_CODE = YES;
				CLANG_WARN__DUPLICATE_METHOD_MATCH = YES;
				COPY_PHASE_STRIP = NO;
				DEBUG_INFORMATION_FORMAT = "dwarf-with-dsym";
				ENABLE_NS_ASSERTIONS = NO;
				ENABLE_STRICT_OBJC_MSGSEND = YES;
				GCC_C_LANGUAGE_STANDARD = gnu11;
				GCC_NO_COMMON_BLOCKS = YES;
				GCC_WARN_64_TO_32_BIT_CONVERSION = YES;
				GCC_WARN_ABOUT_RETURN_TYPE = YES_ERROR;
				GCC_WARN_UNDECLARED_SELECTOR = YES;
				GCC_WARN_UNINITIALIZED_AUTOS = YES_AGGRESSIVE;
				GCC_WARN_UNUSED_FUNCTION = YES;
				GCC_WARN_UNUSED_VARIABLE = YES;
				IPHONEOS_DEPLOYMENT_TARGET = 15.2;
				MTL_ENABLE_DEBUG_INFO = NO;
				MTL_FAST_MATH = YES;
				SDKROOT = iphoneos;
				SWIFT_COMPILATION_MODE = wholemodule;
				SWIFT_OPTIMIZATION_LEVEL = "-O";
				VALIDATE_PRODUCT = YES;
			};
			name = Release;
		};
		568CA76B27BA82A0004F35AE /* Debug */ = {
			isa = XCBuildConfiguration;
			buildSettings = {
				ASSETCATALOG_COMPILER_APPICON_NAME = AppIcon;
				ASSETCATALOG_COMPILER_GLOBAL_ACCENT_COLOR_NAME = AccentColor;
				CODE_SIGN_STYLE = Automatic;
				CURRENT_PROJECT_VERSION = 1;
				DEVELOPMENT_TEAM = DHQ24A996D;
				GENERATE_INFOPLIST_FILE = YES;
				INFOPLIST_FILE = Fundamental_tutorial/Info.plist;
				INFOPLIST_KEY_UIApplicationSupportsIndirectInputEvents = YES;
				INFOPLIST_KEY_UILaunchStoryboardName = LaunchScreen;
				INFOPLIST_KEY_UIMainStoryboardFile = Main;
				INFOPLIST_KEY_UISupportedInterfaceOrientations_iPad = "UIInterfaceOrientationPortrait UIInterfaceOrientationPortraitUpsideDown UIInterfaceOrientationLandscapeLeft UIInterfaceOrientationLandscapeRight";
				INFOPLIST_KEY_UISupportedInterfaceOrientations_iPhone = "UIInterfaceOrientationPortrait UIInterfaceOrientationLandscapeLeft UIInterfaceOrientationLandscapeRight";
				LD_RUNPATH_SEARCH_PATHS = (
					"$(inherited)",
					"@executable_path/Frameworks",
				);
				MARKETING_VERSION = 1.0;
				PRODUCT_BUNDLE_IDENTIFIER = "com.Fundamental-tutorial";
				PRODUCT_NAME = "$(TARGET_NAME)";
				SWIFT_EMIT_LOC_STRINGS = YES;
				SWIFT_VERSION = 5.0;
				TARGETED_DEVICE_FAMILY = "1,2";
			};
			name = Debug;
		};
		568CA76C27BA82A0004F35AE /* Release */ = {
			isa = XCBuildConfiguration;
			buildSettings = {
				ASSETCATALOG_COMPILER_APPICON_NAME = AppIcon;
				ASSETCATALOG_COMPILER_GLOBAL_ACCENT_COLOR_NAME = AccentColor;
				CODE_SIGN_STYLE = Automatic;
				CURRENT_PROJECT_VERSION = 1;
				DEVELOPMENT_TEAM = DHQ24A996D;
				GENERATE_INFOPLIST_FILE = YES;
				INFOPLIST_FILE = Fundamental_tutorial/Info.plist;
				INFOPLIST_KEY_UIApplicationSupportsIndirectInputEvents = YES;
				INFOPLIST_KEY_UILaunchStoryboardName = LaunchScreen;
				INFOPLIST_KEY_UIMainStoryboardFile = Main;
				INFOPLIST_KEY_UISupportedInterfaceOrientations_iPad = "UIInterfaceOrientationPortrait UIInterfaceOrientationPortraitUpsideDown UIInterfaceOrientationLandscapeLeft UIInterfaceOrientationLandscapeRight";
				INFOPLIST_KEY_UISupportedInterfaceOrientations_iPhone = "UIInterfaceOrientationPortrait UIInterfaceOrientationLandscapeLeft UIInterfaceOrientationLandscapeRight";
				LD_RUNPATH_SEARCH_PATHS = (
					"$(inherited)",
					"@executable_path/Frameworks",
				);
				MARKETING_VERSION = 1.0;
				PRODUCT_BUNDLE_IDENTIFIER = "com.Fundamental-tutorial";
				PRODUCT_NAME = "$(TARGET_NAME)";
				SWIFT_EMIT_LOC_STRINGS = YES;
				SWIFT_VERSION = 5.0;
				TARGETED_DEVICE_FAMILY = "1,2";
			};
			name = Release;
		};
/* End XCBuildConfiguration section */

/* Begin XCConfigurationList section */
		568CA74E27BA82A0004F35AE /* Build configuration list for PBXProject "Fundamental_tutorial" */ = {
			isa = XCConfigurationList;
			buildConfigurations = (
				568CA76827BA82A0004F35AE /* Debug */,
				568CA76927BA82A0004F35AE /* Release */,
			);
			defaultConfigurationIsVisible = 0;
			defaultConfigurationName = Release;
		};
		568CA76A27BA82A0004F35AE /* Build configuration list for PBXNativeTarget "Fundamental_tutorial" */ = {
			isa = XCConfigurationList;
			buildConfigurations = (
				568CA76B27BA82A0004F35AE /* Debug */,
				568CA76C27BA82A0004F35AE /* Release */,
			);
			defaultConfigurationIsVisible = 0;
			defaultConfigurationName = Release;
		};
/* End XCConfigurationList section */

/* Begin XCVersionGroup section */
		568CA75F27BA82A0004F35AE /* Fundamental_tutorial.xcdatamodeld */ = {
			isa = XCVersionGroup;
			children = (
				568CA76027BA82A0004F35AE /* Fundamental_tutorial.xcdatamodel */,
			);
			currentVersion = 568CA76027BA82A0004F35AE /* Fundamental_tutorial.xcdatamodel */;
			path = Fundamental_tutorial.xcdatamodeld;
			sourceTree = "<group>";
			versionGroupType = wrapper.xcdatamodel;
		};
/* End XCVersionGroup section */
	};
	rootObject = 568CA74B27BA82A0004F35AE /* Project object */;
}
