// !$*UTF8*$!
{
	archiveVersion = 1;
	classes = {
	};
	objectVersion = 55;
	objects = {

/* Begin PBXBuildFile section */
		56431008279596CE00D3E8BE /* AppDelegate.swift in Sources */ = {isa = PBXBuildFile; fileRef = 56431007279596CE00D3E8BE /* AppDelegate.swift */; };
		5643100A279596CE00D3E8BE /* SceneDelegate.swift in Sources */ = {isa = PBXBuildFile; fileRef = 56431009279596CE00D3E8BE /* SceneDelegate.swift */; };
		5643100C279596CE00D3E8BE /* ViewController.swift in Sources */ = {isa = PBXBuildFile; fileRef = 5643100B279596CE00D3E8BE /* ViewController.swift */; };
		5643100F279596CE00D3E8BE /* Main.storyboard in Resources */ = {isa = PBXBuildFile; fileRef = 5643100D279596CE00D3E8BE /* Main.storyboard */; };
		56431012279596CE00D3E8BE /* sentiTable.xcdatamodeld in Sources */ = {isa = PBXBuildFile; fileRef = 56431010279596CE00D3E8BE /* sentiTable.xcdatamodeld */; };
		56431014279596CE00D3E8BE /* Assets.xcassets in Resources */ = {isa = PBXBuildFile; fileRef = 56431013279596CE00D3E8BE /* Assets.xcassets */; };
		56431017279596CE00D3E8BE /* LaunchScreen.storyboard in Resources */ = {isa = PBXBuildFile; fileRef = 56431015279596CE00D3E8BE /* LaunchScreen.storyboard */; };
		5643101F27959E6800D3E8BE /* Type1.swift in Sources */ = {isa = PBXBuildFile; fileRef = 5643101E27959E6800D3E8BE /* Type1.swift */; };
/* End PBXBuildFile section */

/* Begin PBXFileReference section */
		56431004279596CE00D3E8BE /* sentiTable.app */ = {isa = PBXFileReference; explicitFileType = wrapper.application; includeInIndex = 0; path = sentiTable.app; sourceTree = BUILT_PRODUCTS_DIR; };
		56431007279596CE00D3E8BE /* AppDelegate.swift */ = {isa = PBXFileReference; lastKnownFileType = sourcecode.swift; path = AppDelegate.swift; sourceTree = "<group>"; };
		56431009279596CE00D3E8BE /* SceneDelegate.swift */ = {isa = PBXFileReference; lastKnownFileType = sourcecode.swift; path = SceneDelegate.swift; sourceTree = "<group>"; };
		5643100B279596CE00D3E8BE /* ViewController.swift */ = {isa = PBXFileReference; lastKnownFileType = sourcecode.swift; path = ViewController.swift; sourceTree = "<group>"; };
		5643100E279596CE00D3E8BE /* Base */ = {isa = PBXFileReference; lastKnownFileType = file.storyboard; name = Base; path = Base.lproj/Main.storyboard; sourceTree = "<group>"; };
		56431011279596CE00D3E8BE /* sentiTable.xcdatamodel */ = {isa = PBXFileReference; lastKnownFileType = wrapper.xcdatamodel; path = sentiTable.xcdatamodel; sourceTree = "<group>"; };
		56431013279596CE00D3E8BE /* Assets.xcassets */ = {isa = PBXFileReference; lastKnownFileType = folder.assetcatalog; path = Assets.xcassets; sourceTree = "<group>"; };
		56431016279596CE00D3E8BE /* Base */ = {isa = PBXFileReference; lastKnownFileType = file.storyboard; name = Base; path = Base.lproj/LaunchScreen.storyboard; sourceTree = "<group>"; };
		56431018279596CE00D3E8BE /* Info.plist */ = {isa = PBXFileReference; lastKnownFileType = text.plist.xml; path = Info.plist; sourceTree = "<group>"; };
		5643101E27959E6800D3E8BE /* Type1.swift */ = {isa = PBXFileReference; lastKnownFileType = sourcecode.swift; path = Type1.swift; sourceTree = "<group>"; };
/* End PBXFileReference section */

/* Begin PBXFrameworksBuildPhase section */
		56431001279596CE00D3E8BE /* Frameworks */ = {
			isa = PBXFrameworksBuildPhase;
			buildActionMask = 2147483647;
			files = (
			);
			runOnlyForDeploymentPostprocessing = 0;
		};
/* End PBXFrameworksBuildPhase section */

/* Begin PBXGroup section */
		56430FFB279596CD00D3E8BE = {
			isa = PBXGroup;
			children = (
				56431006279596CE00D3E8BE /* sentiTable */,
				56431005279596CE00D3E8BE /* Products */,
			);
			sourceTree = "<group>";
		};
		56431005279596CE00D3E8BE /* Products */ = {
			isa = PBXGroup;
			children = (
				56431004279596CE00D3E8BE /* sentiTable.app */,
			);
			name = Products;
			sourceTree = "<group>";
		};
		56431006279596CE00D3E8BE /* sentiTable */ = {
			isa = PBXGroup;
			children = (
				56431007279596CE00D3E8BE /* AppDelegate.swift */,
				56431009279596CE00D3E8BE /* SceneDelegate.swift */,
				5643100B279596CE00D3E8BE /* ViewController.swift */,
				5643100D279596CE00D3E8BE /* Main.storyboard */,
				56431013279596CE00D3E8BE /* Assets.xcassets */,
				56431015279596CE00D3E8BE /* LaunchScreen.storyboard */,
				56431018279596CE00D3E8BE /* Info.plist */,
				56431010279596CE00D3E8BE /* sentiTable.xcdatamodeld */,
				5643101E27959E6800D3E8BE /* Type1.swift */,
			);
			path = sentiTable;
			sourceTree = "<group>";
		};
/* End PBXGroup section */

/* Begin PBXNativeTarget section */
		56431003279596CE00D3E8BE /* sentiTable */ = {
			isa = PBXNativeTarget;
			buildConfigurationList = 5643101B279596CE00D3E8BE /* Build configuration list for PBXNativeTarget "sentiTable" */;
			buildPhases = (
				56431000279596CE00D3E8BE /* Sources */,
				56431001279596CE00D3E8BE /* Frameworks */,
				56431002279596CE00D3E8BE /* Resources */,
			);
			buildRules = (
			);
			dependencies = (
			);
			name = sentiTable;
			productName = sentiTable;
			productReference = 56431004279596CE00D3E8BE /* sentiTable.app */;
			productType = "com.apple.product-type.application";
		};
/* End PBXNativeTarget section */

/* Begin PBXProject section */
		56430FFC279596CD00D3E8BE /* Project object */ = {
			isa = PBXProject;
			attributes = {
				BuildIndependentTargetsInParallel = 1;
				LastSwiftUpdateCheck = 1320;
				LastUpgradeCheck = 1320;
				TargetAttributes = {
					56431003279596CE00D3E8BE = {
						CreatedOnToolsVersion = 13.2.1;
					};
				};
			};
			buildConfigurationList = 56430FFF279596CD00D3E8BE /* Build configuration list for PBXProject "sentiTable" */;
			compatibilityVersion = "Xcode 13.0";
			developmentRegion = en;
			hasScannedForEncodings = 0;
			knownRegions = (
				en,
				Base,
			);
			mainGroup = 56430FFB279596CD00D3E8BE;
			productRefGroup = 56431005279596CE00D3E8BE /* Products */;
			projectDirPath = "";
			projectRoot = "";
			targets = (
				56431003279596CE00D3E8BE /* sentiTable */,
			);
		};
/* End PBXProject section */

/* Begin PBXResourcesBuildPhase section */
		56431002279596CE00D3E8BE /* Resources */ = {
			isa = PBXResourcesBuildPhase;
			buildActionMask = 2147483647;
			files = (
				56431017279596CE00D3E8BE /* LaunchScreen.storyboard in Resources */,
				56431014279596CE00D3E8BE /* Assets.xcassets in Resources */,
				5643100F279596CE00D3E8BE /* Main.storyboard in Resources */,
			);
			runOnlyForDeploymentPostprocessing = 0;
		};
/* End PBXResourcesBuildPhase section */

/* Begin PBXSourcesBuildPhase section */
		56431000279596CE00D3E8BE /* Sources */ = {
			isa = PBXSourcesBuildPhase;
			buildActionMask = 2147483647;
			files = (
				5643100C279596CE00D3E8BE /* ViewController.swift in Sources */,
				56431008279596CE00D3E8BE /* AppDelegate.swift in Sources */,
				56431012279596CE00D3E8BE /* sentiTable.xcdatamodeld in Sources */,
				5643100A279596CE00D3E8BE /* SceneDelegate.swift in Sources */,
				5643101F27959E6800D3E8BE /* Type1.swift in Sources */,
			);
			runOnlyForDeploymentPostprocessing = 0;
		};
/* End PBXSourcesBuildPhase section */

/* Begin PBXVariantGroup section */
		5643100D279596CE00D3E8BE /* Main.storyboard */ = {
			isa = PBXVariantGroup;
			children = (
				5643100E279596CE00D3E8BE /* Base */,
			);
			name = Main.storyboard;
			sourceTree = "<group>";
		};
		56431015279596CE00D3E8BE /* LaunchScreen.storyboard */ = {
			isa = PBXVariantGroup;
			children = (
				56431016279596CE00D3E8BE /* Base */,
			);
			name = LaunchScreen.storyboard;
			sourceTree = "<group>";
		};
/* End PBXVariantGroup section */

/* Begin XCBuildConfiguration section */
		56431019279596CE00D3E8BE /* Debug */ = {
			isa = XCBuildConfiguration;
			buildSettings = {
				ALWAYS_SEARCH_USER_PATHS = NO;
				CLANG_ANALYZER_NONNULL = YES;
				CLANG_ANALYZER_NUMBER_OBJECT_CONVERSION = YES_AGGRESSIVE;
				CLANG_CXX_LANGUAGE_STANDARD = "gnu++17";
				CLANG_CXX_LIBRARY = "libc++";
				CLANG_ENABLE_MODULES = YES;
				CLANG_ENABLE_OBJC_ARC = YES;
				CLANG_ENABLE_OBJC_WEAK = YES;
				CLANG_WARN_BLOCK_CAPTURE_AUTORELEASING = YES;
				CLANG_WARN_BOOL_CONVERSION = YES;
				CLANG_WARN_COMMA = YES;
				CLANG_WARN_CONSTANT_CONVERSION = YES;
				CLANG_WARN_DEPRECATED_OBJC_IMPLEMENTATIONS = YES;
				CLANG_WARN_DIRECT_OBJC_ISA_USAGE = YES_ERROR;
				CLANG_WARN_DOCUMENTATION_COMMENTS = YES;
				CLANG_WARN_EMPTY_BODY = YES;
				CLANG_WARN_ENUM_CONVERSION = YES;
				CLANG_WARN_INFINITE_RECURSION = YES;
				CLANG_WARN_INT_CONVERSION = YES;
				CLANG_WARN_NON_LITERAL_NULL_CONVERSION = YES;
				CLANG_WARN_OBJC_IMPLICIT_RETAIN_SELF = YES;
				CLANG_WARN_OBJC_LITERAL_CONVERSION = YES;
				CLANG_WARN_OBJC_ROOT_CLASS = YES_ERROR;
				CLANG_WARN_QUOTED_INCLUDE_IN_FRAMEWORK_HEADER = YES;
				CLANG_WARN_RANGE_LOOP_ANALYSIS = YES;
				CLANG_WARN_STRICT_PROTOTYPES = YES;
				CLANG_WARN_SUSPICIOUS_MOVE = YES;
				CLANG_WARN_UNGUARDED_AVAILABILITY = YES_AGGRESSIVE;
				CLANG_WARN_UNREACHABLE_CODE = YES;
				CLANG_WARN__DUPLICATE_METHOD_MATCH = YES;
				COPY_PHASE_STRIP = NO;
				DEBUG_INFORMATION_FORMAT = dwarf;
				ENABLE_STRICT_OBJC_MSGSEND = YES;
				ENABLE_TESTABILITY = YES;
				GCC_C_LANGUAGE_STANDARD = gnu11;
				GCC_DYNAMIC_NO_PIC = NO;
				GCC_NO_COMMON_BLOCKS = YES;
				GCC_OPTIMIZATION_LEVEL = 0;
				GCC_PREPROCESSOR_DEFINITIONS = (
					"DEBUG=1",
					"$(inherited)",
				);
				GCC_WARN_64_TO_32_BIT_CONVERSION = YES;
				GCC_WARN_ABOUT_RETURN_TYPE = YES_ERROR;
				GCC_WARN_UNDECLARED_SELECTOR = YES;
				GCC_WARN_UNINITIALIZED_AUTOS = YES_AGGRESSIVE;
				GCC_WARN_UNUSED_FUNCTION = YES;
				GCC_WARN_UNUSED_VARIABLE = YES;
				IPHONEOS_DEPLOYMENT_TARGET = 15.2;
				MTL_ENABLE_DEBUG_INFO = INCLUDE_SOURCE;
				MTL_FAST_MATH = YES;
				ONLY_ACTIVE_ARCH = YES;
				SDKROOT = iphoneos;
				SWIFT_ACTIVE_COMPILATION_CONDITIONS = DEBUG;
				SWIFT_OPTIMIZATION_LEVEL = "-Onone";
			};
			name = Debug;
		};
		5643101A279596CE00D3E8BE /* Release */ = {
			isa = XCBuildConfiguration;
			buildSettings = {
				ALWAYS_SEARCH_USER_PATHS = NO;
				CLANG_ANALYZER_NONNULL = YES;
				CLANG_ANALYZER_NUMBER_OBJECT_CONVERSION = YES_AGGRESSIVE;
				CLANG_CXX_LANGUAGE_STANDARD = "gnu++17";
				CLANG_CXX_LIBRARY = "libc++";
				CLANG_ENABLE_MODULES = YES;
				CLANG_ENABLE_OBJC_ARC = YES;
				CLANG_ENABLE_OBJC_WEAK = YES;
				CLANG_WARN_BLOCK_CAPTURE_AUTORELEASING = YES;
				CLANG_WARN_BOOL_CONVERSION = YES;
				CLANG_WARN_COMMA = YES;
				CLANG_WARN_CONSTANT_CONVERSION = YES;
				CLANG_WARN_DEPRECATED_OBJC_IMPLEMENTATIONS = YES;
				CLANG_WARN_DIRECT_OBJC_ISA_USAGE = YES_ERROR;
				CLANG_WARN_DOCUMENTATION_COMMENTS = YES;
				CLANG_WARN_EMPTY_BODY = YES;
				CLANG_WARN_ENUM_CONVERSION = YES;
				CLANG_WARN_INFINITE_RECURSION = YES;
				CLANG_WARN_INT_CONVERSION = YES;
				CLANG_WARN_NON_LITERAL_NULL_CONVERSION = YES;
				CLANG_WARN_OBJC_IMPLICIT_RETAIN_SELF = YES;
				CLANG_WARN_OBJC_LITERAL_CONVERSION = YES;
				CLANG_WARN_OBJC_ROOT_CLASS = YES_ERROR;
				CLANG_WARN_QUOTED_INCLUDE_IN_FRAMEWORK_HEADER = YES;
				CLANG_WARN_RANGE_LOOP_ANALYSIS = YES;
				CLANG_WARN_STRICT_PROTOTYPES = YES;
				CLANG_WARN_SUSPICIOUS_MOVE = YES;
				CLANG_WARN_UNGUARDED_AVAILABILITY = YES_AGGRESSIVE;
				CLANG_WARN_UNREACHABLE_CODE = YES;
				CLANG_WARN__DUPLICATE_METHOD_MATCH = YES;
				COPY_PHASE_STRIP = NO;
				DEBUG_INFORMATION_FORMAT = "dwarf-with-dsym";
				ENABLE_NS_ASSERTIONS = NO;
				ENABLE_STRICT_OBJC_MSGSEND = YES;
				GCC_C_LANGUAGE_STANDARD = gnu11;
				GCC_NO_COMMON_BLOCKS = YES;
				GCC_WARN_64_TO_32_BIT_CONVERSION = YES;
				GCC_WARN_ABOUT_RETURN_TYPE = YES_ERROR;
				GCC_WARN_UNDECLARED_SELECTOR = YES;
				GCC_WARN_UNINITIALIZED_AUTOS = YES_AGGRESSIVE;
				GCC_WARN_UNUSED_FUNCTION = YES;
				GCC_WARN_UNUSED_VARIABLE = YES;
				IPHONEOS_DEPLOYMENT_TARGET = 15.2;
				MTL_ENABLE_DEBUG_INFO = NO;
				MTL_FAST_MATH = YES;
				SDKROOT = iphoneos;
				SWIFT_COMPILATION_MODE = wholemodule;
				SWIFT_OPTIMIZATION_LEVEL = "-O";
				VALIDATE_PRODUCT = YES;
			};
			name = Release;
		};
		5643101C279596CE00D3E8BE /* Debug */ = {
			isa = XCBuildConfiguration;
			buildSettings = {
				ASSETCATALOG_COMPILER_APPICON_NAME = AppIcon;
				ASSETCATALOG_COMPILER_GLOBAL_ACCENT_COLOR_NAME = AccentColor;
				CODE_SIGN_STYLE = Automatic;
				CURRENT_PROJECT_VERSION = 1;
				DEVELOPMENT_TEAM = DHQ24A996D;
				GENERATE_INFOPLIST_FILE = YES;
				INFOPLIST_FILE = sentiTable/Info.plist;
				INFOPLIST_KEY_UIApplicationSupportsIndirectInputEvents = YES;
				INFOPLIST_KEY_UILaunchStoryboardName = LaunchScreen;
				INFOPLIST_KEY_UIMainStoryboardFile = Main;
				INFOPLIST_KEY_UISupportedInterfaceOrientations_iPad = "UIInterfaceOrientationPortrait UIInterfaceOrientationPortraitUpsideDown UIInterfaceOrientationLandscapeLeft UIInterfaceOrientationLandscapeRight";
				INFOPLIST_KEY_UISupportedInterfaceOrientations_iPhone = "UIInterfaceOrientationPortrait UIInterfaceOrientationLandscapeLeft UIInterfaceOrientationLandscapeRight";
				LD_RUNPATH_SEARCH_PATHS = (
					"$(inherited)",
					"@executable_path/Frameworks",
				);
				MARKETING_VERSION = 1.0;
				PRODUCT_BUNDLE_IDENTIFIER = com.sentiTable;
				PRODUCT_NAME = "$(TARGET_NAME)";
				SWIFT_EMIT_LOC_STRINGS = YES;
				SWIFT_VERSION = 5.0;
				TARGETED_DEVICE_FAMILY = "1,2";
			};
			name = Debug;
		};
		5643101D279596CE00D3E8BE /* Release */ = {
			isa = XCBuildConfiguration;
			buildSettings = {
				ASSETCATALOG_COMPILER_APPICON_NAME = AppIcon;
				ASSETCATALOG_COMPILER_GLOBAL_ACCENT_COLOR_NAME = AccentColor;
				CODE_SIGN_STYLE = Automatic;
				CURRENT_PROJECT_VERSION = 1;
				DEVELOPMENT_TEAM = DHQ24A996D;
				GENERATE_INFOPLIST_FILE = YES;
				INFOPLIST_FILE = sentiTable/Info.plist;
				INFOPLIST_KEY_UIApplicationSupportsIndirectInputEvents = YES;
				INFOPLIST_KEY_UILaunchStoryboardName = LaunchScreen;
				INFOPLIST_KEY_UIMainStoryboardFile = Main;
				INFOPLIST_KEY_UISupportedInterfaceOrientations_iPad = "UIInterfaceOrientationPortrait UIInterfaceOrientationPortraitUpsideDown UIInterfaceOrientationLandscapeLeft UIInterfaceOrientationLandscapeRight";
				INFOPLIST_KEY_UISupportedInterfaceOrientations_iPhone = "UIInterfaceOrientationPortrait UIInterfaceOrientationLandscapeLeft UIInterfaceOrientationLandscapeRight";
				LD_RUNPATH_SEARCH_PATHS = (
					"$(inherited)",
					"@executable_path/Frameworks",
				);
				MARKETING_VERSION = 1.0;
				PRODUCT_BUNDLE_IDENTIFIER = com.sentiTable;
				PRODUCT_NAME = "$(TARGET_NAME)";
				SWIFT_EMIT_LOC_STRINGS = YES;
				SWIFT_VERSION = 5.0;
				TARGETED_DEVICE_FAMILY = "1,2";
			};
			name = Release;
		};
/* End XCBuildConfiguration section */

/* Begin XCConfigurationList section */
		56430FFF279596CD00D3E8BE /* Build configuration list for PBXProject "sentiTable" */ = {
			isa = XCConfigurationList;
			buildConfigurations = (
				56431019279596CE00D3E8BE /* Debug */,
				5643101A279596CE00D3E8BE /* Release */,
			);
			defaultConfigurationIsVisible = 0;
			defaultConfigurationName = Release;
		};
		5643101B279596CE00D3E8BE /* Build configuration list for PBXNativeTarget "sentiTable" */ = {
			isa = XCConfigurationList;
			buildConfigurations = (
				5643101C279596CE00D3E8BE /* Debug */,
				5643101D279596CE00D3E8BE /* Release */,
			);
			defaultConfigurationIsVisible = 0;
			defaultConfigurationName = Release;
		};
/* End XCConfigurationList section */

/* Begin XCVersionGroup section */
		56431010279596CE00D3E8BE /* sentiTable.xcdatamodeld */ = {
			isa = XCVersionGroup;
			children = (
				56431011279596CE00D3E8BE /* sentiTable.xcdatamodel */,
			);
			currentVersion = 56431011279596CE00D3E8BE /* sentiTable.xcdatamodel */;
			path = sentiTable.xcdatamodeld;
			sourceTree = "<group>";
			versionGroupType = wrapper.xcdatamodel;
		};
/* End XCVersionGroup section */
	};
	rootObject = 56430FFC279596CD00D3E8BE /* Project object */;
}
