// !$*UTF8*$!
{
	archiveVersion = 1;
	classes = {
	};
	objectVersion = 55;
	objects = {

/* Begin PBXBuildFile section */
		568CA6DA27AE99EC004F35AE /* AppDelegate.swift in Sources */ = {isa = PBXBuildFile; fileRef = 568CA6D927AE99EC004F35AE /* AppDelegate.swift */; };
		568CA6DC27AE99EC004F35AE /* SceneDelegate.swift in Sources */ = {isa = PBXBuildFile; fileRef = 568CA6DB27AE99EC004F35AE /* SceneDelegate.swift */; };
		568CA6DE27AE99EC004F35AE /* ViewController.swift in Sources */ = {isa = PBXBuildFile; fileRef = 568CA6DD27AE99EC004F35AE /* ViewController.swift */; };
		568CA6E127AE99EC004F35AE /* Main.storyboard in Resources */ = {isa = PBXBuildFile; fileRef = 568CA6DF27AE99EC004F35AE /* Main.storyboard */; };
		568CA6E427AE99EC004F35AE /* CustomPopUp_tutorial.xcdatamodeld in Sources */ = {isa = PBXBuildFile; fileRef = 568CA6E227AE99EC004F35AE /* CustomPopUp_tutorial.xcdatamodeld */; };
		568CA6E627AE99ED004F35AE /* Assets.xcassets in Resources */ = {isa = PBXBuildFile; fileRef = 568CA6E527AE99ED004F35AE /* Assets.xcassets */; };
		568CA6E927AE99ED004F35AE /* LaunchScreen.storyboard in Resources */ = {isa = PBXBuildFile; fileRef = 568CA6E727AE99ED004F35AE /* LaunchScreen.storyboard */; };
		568CA6F327AE9AC2004F35AE /* PopUp.storyboard in Resources */ = {isa = PBXBuildFile; fileRef = 568CA6F227AE9AC2004F35AE /* PopUp.storyboard */; };
		568CA6F527AE9D95004F35AE /* CustomPopUpViewController.swift in Sources */ = {isa = PBXBuildFile; fileRef = 568CA6F427AE9D95004F35AE /* CustomPopUpViewController.swift */; };
		568CA6F827AE9FE1004F35AE /* WebKit.framework in Frameworks */ = {isa = PBXBuildFile; fileRef = 568CA6F727AE9FE1004F35AE /* WebKit.framework */; };
		568CA6FA27AFCE64004F35AE /* PopUpDelegate.swift in Sources */ = {isa = PBXBuildFile; fileRef = 568CA6F927AFCE64004F35AE /* PopUpDelegate.swift */; };
/* End PBXBuildFile section */

/* Begin PBXFileReference section */
		568CA6D627AE99EC004F35AE /* CustomPopUp_tutorial.app */ = {isa = PBXFileReference; explicitFileType = wrapper.application; includeInIndex = 0; path = CustomPopUp_tutorial.app; sourceTree = BUILT_PRODUCTS_DIR; };
		568CA6D927AE99EC004F35AE /* AppDelegate.swift */ = {isa = PBXFileReference; lastKnownFileType = sourcecode.swift; path = AppDelegate.swift; sourceTree = "<group>"; };
		568CA6DB27AE99EC004F35AE /* SceneDelegate.swift */ = {isa = PBXFileReference; lastKnownFileType = sourcecode.swift; path = SceneDelegate.swift; sourceTree = "<group>"; };
		568CA6DD27AE99EC004F35AE /* ViewController.swift */ = {isa = PBXFileReference; lastKnownFileType = sourcecode.swift; path = ViewController.swift; sourceTree = "<group>"; };
		568CA6E027AE99EC004F35AE /* Base */ = {isa = PBXFileReference; lastKnownFileType = file.storyboard; name = Base; path = Base.lproj/Main.storyboard; sourceTree = "<group>"; };
		568CA6E327AE99EC004F35AE /* CustomPopUp_tutorial.xcdatamodel */ = {isa = PBXFileReference; lastKnownFileType = wrapper.xcdatamodel; path = CustomPopUp_tutorial.xcdatamodel; sourceTree = "<group>"; };
		568CA6E527AE99ED004F35AE /* Assets.xcassets */ = {isa = PBXFileReference; lastKnownFileType = folder.assetcatalog; path = Assets.xcassets; sourceTree = "<group>"; };
		568CA6E827AE99ED004F35AE /* Base */ = {isa = PBXFileReference; lastKnownFileType = file.storyboard; name = Base; path = Base.lproj/LaunchScreen.storyboard; sourceTree = "<group>"; };
		568CA6EA27AE99ED004F35AE /* Info.plist */ = {isa = PBXFileReference; lastKnownFileType = text.plist.xml; path = Info.plist; sourceTree = "<group>"; };
		568CA6F227AE9AC2004F35AE /* PopUp.storyboard */ = {isa = PBXFileReference; lastKnownFileType = file.storyboard; path = PopUp.storyboard; sourceTree = "<group>"; };
		568CA6F427AE9D95004F35AE /* CustomPopUpViewController.swift */ = {isa = PBXFileReference; lastKnownFileType = sourcecode.swift; path = CustomPopUpViewController.swift; sourceTree = "<group>"; };
		568CA6F727AE9FE1004F35AE /* WebKit.framework */ = {isa = PBXFileReference; lastKnownFileType = wrapper.framework; name = WebKit.framework; path = System/Library/Frameworks/WebKit.framework; sourceTree = SDKROOT; };
		568CA6F927AFCE64004F35AE /* PopUpDelegate.swift */ = {isa = PBXFileReference; lastKnownFileType = sourcecode.swift; path = PopUpDelegate.swift; sourceTree = "<group>"; };
/* End PBXFileReference section */

/* Begin PBXFrameworksBuildPhase section */
		568CA6D327AE99EC004F35AE /* Frameworks */ = {
			isa = PBXFrameworksBuildPhase;
			buildActionMask = 2147483647;
			files = (
				568CA6F827AE9FE1004F35AE /* WebKit.framework in Frameworks */,
			);
			runOnlyForDeploymentPostprocessing = 0;
		};
/* End PBXFrameworksBuildPhase section */

/* Begin PBXGroup section */
		568CA6CD27AE99EC004F35AE = {
			isa = PBXGroup;
			children = (
				568CA6D827AE99EC004F35AE /* CustomPopUp_tutorial */,
				568CA6D727AE99EC004F35AE /* Products */,
				568CA6F627AE9FE1004F35AE /* Frameworks */,
			);
			sourceTree = "<group>";
		};
		568CA6D727AE99EC004F35AE /* Products */ = {
			isa = PBXGroup;
			children = (
				568CA6D627AE99EC004F35AE /* CustomPopUp_tutorial.app */,
			);
			name = Products;
			sourceTree = "<group>";
		};
		568CA6D827AE99EC004F35AE /* CustomPopUp_tutorial */ = {
			isa = PBXGroup;
			children = (
				568CA6D927AE99EC004F35AE /* AppDelegate.swift */,
				568CA6F927AFCE64004F35AE /* PopUpDelegate.swift */,
				568CA6DB27AE99EC004F35AE /* SceneDelegate.swift */,
				568CA6DD27AE99EC004F35AE /* ViewController.swift */,
				568CA6F427AE9D95004F35AE /* CustomPopUpViewController.swift */,
				568CA6E527AE99ED004F35AE /* Assets.xcassets */,
				568CA6DF27AE99EC004F35AE /* Main.storyboard */,
				568CA6F227AE9AC2004F35AE /* PopUp.storyboard */,
				568CA6E727AE99ED004F35AE /* LaunchScreen.storyboard */,
				568CA6EA27AE99ED004F35AE /* Info.plist */,
				568CA6E227AE99EC004F35AE /* CustomPopUp_tutorial.xcdatamodeld */,
			);
			path = CustomPopUp_tutorial;
			sourceTree = "<group>";
		};
		568CA6F627AE9FE1004F35AE /* Frameworks */ = {
			isa = PBXGroup;
			children = (
				568CA6F727AE9FE1004F35AE /* WebKit.framework */,
			);
			name = Frameworks;
			sourceTree = "<group>";
		};
/* End PBXGroup section */

/* Begin PBXNativeTarget section */
		568CA6D527AE99EC004F35AE /* CustomPopUp_tutorial */ = {
			isa = PBXNativeTarget;
			buildConfigurationList = 568CA6ED27AE99ED004F35AE /* Build configuration list for PBXNativeTarget "CustomPopUp_tutorial" */;
			buildPhases = (
				568CA6D227AE99EC004F35AE /* Sources */,
				568CA6D327AE99EC004F35AE /* Frameworks */,
				568CA6D427AE99EC004F35AE /* Resources */,
			);
			buildRules = (
			);
			dependencies = (
			);
			name = CustomPopUp_tutorial;
			productName = CustomPopUp_tutorial;
			productReference = 568CA6D627AE99EC004F35AE /* CustomPopUp_tutorial.app */;
			productType = "com.apple.product-type.application";
		};
/* End PBXNativeTarget section */

/* Begin PBXProject section */
		568CA6CE27AE99EC004F35AE /* Project object */ = {
			isa = PBXProject;
			attributes = {
				BuildIndependentTargetsInParallel = 1;
				LastSwiftUpdateCheck = 1320;
				LastUpgradeCheck = 1320;
				TargetAttributes = {
					568CA6D527AE99EC004F35AE = {
						CreatedOnToolsVersion = 13.2.1;
					};
				};
			};
			buildConfigurationList = 568CA6D127AE99EC004F35AE /* Build configuration list for PBXProject "CustomPopUp_tutorial" */;
			compatibilityVersion = "Xcode 13.0";
			developmentRegion = en;
			hasScannedForEncodings = 0;
			knownRegions = (
				en,
				Base,
			);
			mainGroup = 568CA6CD27AE99EC004F35AE;
			productRefGroup = 568CA6D727AE99EC004F35AE /* Products */;
			projectDirPath = "";
			projectRoot = "";
			targets = (
				568CA6D527AE99EC004F35AE /* CustomPopUp_tutorial */,
			);
		};
/* End PBXProject section */

/* Begin PBXResourcesBuildPhase section */
		568CA6D427AE99EC004F35AE /* Resources */ = {
			isa = PBXResourcesBuildPhase;
			buildActionMask = 2147483647;
			files = (
				568CA6E927AE99ED004F35AE /* LaunchScreen.storyboard in Resources */,
				568CA6E627AE99ED004F35AE /* Assets.xcassets in Resources */,
				568CA6E127AE99EC004F35AE /* Main.storyboard in Resources */,
				568CA6F327AE9AC2004F35AE /* PopUp.storyboard in Resources */,
			);
			runOnlyForDeploymentPostprocessing = 0;
		};
/* End PBXResourcesBuildPhase section */

/* Begin PBXSourcesBuildPhase section */
		568CA6D227AE99EC004F35AE /* Sources */ = {
			isa = PBXSourcesBuildPhase;
			buildActionMask = 2147483647;
			files = (
				568CA6DE27AE99EC004F35AE /* ViewController.swift in Sources */,
				568CA6FA27AFCE64004F35AE /* PopUpDelegate.swift in Sources */,
				568CA6E427AE99EC004F35AE /* CustomPopUp_tutorial.xcdatamodeld in Sources */,
				568CA6DA27AE99EC004F35AE /* AppDelegate.swift in Sources */,
				568CA6DC27AE99EC004F35AE /* SceneDelegate.swift in Sources */,
				568CA6F527AE9D95004F35AE /* CustomPopUpViewController.swift in Sources */,
			);
			runOnlyForDeploymentPostprocessing = 0;
		};
/* End PBXSourcesBuildPhase section */

/* Begin PBXVariantGroup section */
		568CA6DF27AE99EC004F35AE /* Main.storyboard */ = {
			isa = PBXVariantGroup;
			children = (
				568CA6E027AE99EC004F35AE /* Base */,
			);
			name = Main.storyboard;
			sourceTree = "<group>";
		};
		568CA6E727AE99ED004F35AE /* LaunchScreen.storyboard */ = {
			isa = PBXVariantGroup;
			children = (
				568CA6E827AE99ED004F35AE /* Base */,
			);
			name = LaunchScreen.storyboard;
			sourceTree = "<group>";
		};
/* End PBXVariantGroup section */

/* Begin XCBuildConfiguration section */
		568CA6EB27AE99ED004F35AE /* Debug */ = {
			isa = XCBuildConfiguration;
			buildSettings = {
				ALWAYS_SEARCH_USER_PATHS = NO;
				CLANG_ANALYZER_NONNULL = YES;
				CLANG_ANALYZER_NUMBER_OBJECT_CONVERSION = YES_AGGRESSIVE;
				CLANG_CXX_LANGUAGE_STANDARD = "gnu++17";
				CLANG_CXX_LIBRARY = "libc++";
				CLANG_ENABLE_MODULES = YES;
				CLANG_ENABLE_OBJC_ARC = YES;
				CLANG_ENABLE_OBJC_WEAK = YES;
				CLANG_WARN_BLOCK_CAPTURE_AUTORELEASING = YES;
				CLANG_WARN_BOOL_CONVERSION = YES;
				CLANG_WARN_COMMA = YES;
				CLANG_WARN_CONSTANT_CONVERSION = YES;
				CLANG_WARN_DEPRECATED_OBJC_IMPLEMENTATIONS = YES;
				CLANG_WARN_DIRECT_OBJC_ISA_USAGE = YES_ERROR;
				CLANG_WARN_DOCUMENTATION_COMMENTS = YES;
				CLANG_WARN_EMPTY_BODY = YES;
				CLANG_WARN_ENUM_CONVERSION = YES;
				CLANG_WARN_INFINITE_RECURSION = YES;
				CLANG_WARN_INT_CONVERSION = YES;
				CLANG_WARN_NON_LITERAL_NULL_CONVERSION = YES;
				CLANG_WARN_OBJC_IMPLICIT_RETAIN_SELF = YES;
				CLANG_WARN_OBJC_LITERAL_CONVERSION = YES;
				CLANG_WARN_OBJC_ROOT_CLASS = YES_ERROR;
				CLANG_WARN_QUOTED_INCLUDE_IN_FRAMEWORK_HEADER = YES;
				CLANG_WARN_RANGE_LOOP_ANALYSIS = YES;
				CLANG_WARN_STRICT_PROTOTYPES = YES;
				CLANG_WARN_SUSPICIOUS_MOVE = YES;
				CLANG_WARN_UNGUARDED_AVAILABILITY = YES_AGGRESSIVE;
				CLANG_WARN_UNREACHABLE_CODE = YES;
				CLANG_WARN__DUPLICATE_METHOD_MATCH = YES;
				COPY_PHASE_STRIP = NO;
				DEBUG_INFORMATION_FORMAT = dwarf;
				ENABLE_STRICT_OBJC_MSGSEND = YES;
				ENABLE_TESTABILITY = YES;
				GCC_C_LANGUAGE_STANDARD = gnu11;
				GCC_DYNAMIC_NO_PIC = NO;
				GCC_NO_COMMON_BLOCKS = YES;
				GCC_OPTIMIZATION_LEVEL = 0;
				GCC_PREPROCESSOR_DEFINITIONS = (
					"DEBUG=1",
					"$(inherited)",
				);
				GCC_WARN_64_TO_32_BIT_CONVERSION = YES;
				GCC_WARN_ABOUT_RETURN_TYPE = YES_ERROR;
				GCC_WARN_UNDECLARED_SELECTOR = YES;
				GCC_WARN_UNINITIALIZED_AUTOS = YES_AGGRESSIVE;
				GCC_WARN_UNUSED_FUNCTION = YES;
				GCC_WARN_UNUSED_VARIABLE = YES;
				IPHONEOS_DEPLOYMENT_TARGET = 15.2;
				MTL_ENABLE_DEBUG_INFO = INCLUDE_SOURCE;
				MTL_FAST_MATH = YES;
				ONLY_ACTIVE_ARCH = YES;
				SDKROOT = iphoneos;
				SWIFT_ACTIVE_COMPILATION_CONDITIONS = DEBUG;
				SWIFT_OPTIMIZATION_LEVEL = "-Onone";
			};
			name = Debug;
		};
		568CA6EC27AE99ED004F35AE /* Release */ = {
			isa = XCBuildConfiguration;
			buildSettings = {
				ALWAYS_SEARCH_USER_PATHS = NO;
				CLANG_ANALYZER_NONNULL = YES;
				CLANG_ANALYZER_NUMBER_OBJECT_CONVERSION = YES_AGGRESSIVE;
				CLANG_CXX_LANGUAGE_STANDARD = "gnu++17";
				CLANG_CXX_LIBRARY = "libc++";
				CLANG_ENABLE_MODULES = YES;
				CLANG_ENABLE_OBJC_ARC = YES;
				CLANG_ENABLE_OBJC_WEAK = YES;
				CLANG_WARN_BLOCK_CAPTURE_AUTORELEASING = YES;
				CLANG_WARN_BOOL_CONVERSION = YES;
				CLANG_WARN_COMMA = YES;
				CLANG_WARN_CONSTANT_CONVERSION = YES;
				CLANG_WARN_DEPRECATED_OBJC_IMPLEMENTATIONS = YES;
				CLANG_WARN_DIRECT_OBJC_ISA_USAGE = YES_ERROR;
				CLANG_WARN_DOCUMENTATION_COMMENTS = YES;
				CLANG_WARN_EMPTY_BODY = YES;
				CLANG_WARN_ENUM_CONVERSION = YES;
				CLANG_WARN_INFINITE_RECURSION = YES;
				CLANG_WARN_INT_CONVERSION = YES;
				CLANG_WARN_NON_LITERAL_NULL_CONVERSION = YES;
				CLANG_WARN_OBJC_IMPLICIT_RETAIN_SELF = YES;
				CLANG_WARN_OBJC_LITERAL_CONVERSION = YES;
				CLANG_WARN_OBJC_ROOT_CLASS = YES_ERROR;
				CLANG_WARN_QUOTED_INCLUDE_IN_FRAMEWORK_HEADER = YES;
				CLANG_WARN_RANGE_LOOP_ANALYSIS = YES;
				CLANG_WARN_STRICT_PROTOTYPES = YES;
				CLANG_WARN_SUSPICIOUS_MOVE = YES;
				CLANG_WARN_UNGUARDED_AVAILABILITY = YES_AGGRESSIVE;
				CLANG_WARN_UNREACHABLE_CODE = YES;
				CLANG_WARN__DUPLICATE_METHOD_MATCH = YES;
				COPY_PHASE_STRIP = NO;
				DEBUG_INFORMATION_FORMAT = "dwarf-with-dsym";
				ENABLE_NS_ASSERTIONS = NO;
				ENABLE_STRICT_OBJC_MSGSEND = YES;
				GCC_C_LANGUAGE_STANDARD = gnu11;
				GCC_NO_COMMON_BLOCKS = YES;
				GCC_WARN_64_TO_32_BIT_CONVERSION = YES;
				GCC_WARN_ABOUT_RETURN_TYPE = YES_ERROR;
				GCC_WARN_UNDECLARED_SELECTOR = YES;
				GCC_WARN_UNINITIALIZED_AUTOS = YES_AGGRESSIVE;
				GCC_WARN_UNUSED_FUNCTION = YES;
				GCC_WARN_UNUSED_VARIABLE = YES;
				IPHONEOS_DEPLOYMENT_TARGET = 15.2;
				MTL_ENABLE_DEBUG_INFO = NO;
				MTL_FAST_MATH = YES;
				SDKROOT = iphoneos;
				SWIFT_COMPILATION_MODE = wholemodule;
				SWIFT_OPTIMIZATION_LEVEL = "-O";
				VALIDATE_PRODUCT = YES;
			};
			name = Release;
		};
		568CA6EE27AE99ED004F35AE /* Debug */ = {
			isa = XCBuildConfiguration;
			buildSettings = {
				ASSETCATALOG_COMPILER_APPICON_NAME = AppIcon;
				ASSETCATALOG_COMPILER_GLOBAL_ACCENT_COLOR_NAME = AccentColor;
				CODE_SIGN_STYLE = Automatic;
				CURRENT_PROJECT_VERSION = 1;
				DEVELOPMENT_TEAM = DHQ24A996D;
				GENERATE_INFOPLIST_FILE = YES;
				INFOPLIST_FILE = CustomPopUp_tutorial/Info.plist;
				INFOPLIST_KEY_UIApplicationSupportsIndirectInputEvents = YES;
				INFOPLIST_KEY_UILaunchStoryboardName = LaunchScreen;
				INFOPLIST_KEY_UIMainStoryboardFile = Main;
				INFOPLIST_KEY_UISupportedInterfaceOrientations_iPad = "UIInterfaceOrientationPortrait UIInterfaceOrientationPortraitUpsideDown UIInterfaceOrientationLandscapeLeft UIInterfaceOrientationLandscapeRight";
				INFOPLIST_KEY_UISupportedInterfaceOrientations_iPhone = "UIInterfaceOrientationPortrait UIInterfaceOrientationLandscapeLeft UIInterfaceOrientationLandscapeRight";
				LD_RUNPATH_SEARCH_PATHS = (
					"$(inherited)",
					"@executable_path/Frameworks",
				);
				MARKETING_VERSION = 1.0;
				PRODUCT_BUNDLE_IDENTIFIER = "com.CustomPopUp-tutorial";
				PRODUCT_NAME = "$(TARGET_NAME)";
				SWIFT_EMIT_LOC_STRINGS = YES;
				SWIFT_VERSION = 5.0;
				TARGETED_DEVICE_FAMILY = "1,2";
			};
			name = Debug;
		};
		568CA6EF27AE99ED004F35AE /* Release */ = {
			isa = XCBuildConfiguration;
			buildSettings = {
				ASSETCATALOG_COMPILER_APPICON_NAME = AppIcon;
				ASSETCATALOG_COMPILER_GLOBAL_ACCENT_COLOR_NAME = AccentColor;
				CODE_SIGN_STYLE = Automatic;
				CURRENT_PROJECT_VERSION = 1;
				DEVELOPMENT_TEAM = DHQ24A996D;
				GENERATE_INFOPLIST_FILE = YES;
				INFOPLIST_FILE = CustomPopUp_tutorial/Info.plist;
				INFOPLIST_KEY_UIApplicationSupportsIndirectInputEvents = YES;
				INFOPLIST_KEY_UILaunchStoryboardName = LaunchScreen;
				INFOPLIST_KEY_UIMainStoryboardFile = Main;
				INFOPLIST_KEY_UISupportedInterfaceOrientations_iPad = "UIInterfaceOrientationPortrait UIInterfaceOrientationPortraitUpsideDown UIInterfaceOrientationLandscapeLeft UIInterfaceOrientationLandscapeRight";
				INFOPLIST_KEY_UISupportedInterfaceOrientations_iPhone = "UIInterfaceOrientationPortrait UIInterfaceOrientationLandscapeLeft UIInterfaceOrientationLandscapeRight";
				LD_RUNPATH_SEARCH_PATHS = (
					"$(inherited)",
					"@executable_path/Frameworks",
				);
				MARKETING_VERSION = 1.0;
				PRODUCT_BUNDLE_IDENTIFIER = "com.CustomPopUp-tutorial";
				PRODUCT_NAME = "$(TARGET_NAME)";
				SWIFT_EMIT_LOC_STRINGS = YES;
				SWIFT_VERSION = 5.0;
				TARGETED_DEVICE_FAMILY = "1,2";
			};
			name = Release;
		};
/* End XCBuildConfiguration section */

/* Begin XCConfigurationList section */
		568CA6D127AE99EC004F35AE /* Build configuration list for PBXProject "CustomPopUp_tutorial" */ = {
			isa = XCConfigurationList;
			buildConfigurations = (
				568CA6EB27AE99ED004F35AE /* Debug */,
				568CA6EC27AE99ED004F35AE /* Release */,
			);
			defaultConfigurationIsVisible = 0;
			defaultConfigurationName = Release;
		};
		568CA6ED27AE99ED004F35AE /* Build configuration list for PBXNativeTarget "CustomPopUp_tutorial" */ = {
			isa = XCConfigurationList;
			buildConfigurations = (
				568CA6EE27AE99ED004F35AE /* Debug */,
				568CA6EF27AE99ED004F35AE /* Release */,
			);
			defaultConfigurationIsVisible = 0;
			defaultConfigurationName = Release;
		};
/* End XCConfigurationList section */

/* Begin XCVersionGroup section */
		568CA6E227AE99EC004F35AE /* CustomPopUp_tutorial.xcdatamodeld */ = {
			isa = XCVersionGroup;
			children = (
				568CA6E327AE99EC004F35AE /* CustomPopUp_tutorial.xcdatamodel */,
			);
			currentVersion = 568CA6E327AE99EC004F35AE /* CustomPopUp_tutorial.xcdatamodel */;
			path = CustomPopUp_tutorial.xcdatamodeld;
			sourceTree = "<group>";
			versionGroupType = wrapper.xcdatamodel;
		};
/* End XCVersionGroup section */
	};
	rootObject = 568CA6CE27AE99EC004F35AE /* Project object */;
}
